// !$*UTF8*$!
{
	archiveVersion = 1;
	classes = {
	};
	objectVersion = 50;
	objects = {

/* Begin PBXBuildFile section */
		15959CBA234B35C50034BAAE /* AppDelegate.swift in Sources */ = {isa = PBXBuildFile; fileRef = 15959CB9234B35C50034BAAE /* AppDelegate.swift */; };
		15959CBC234B35C50034BAAE /* SceneDelegate.swift in Sources */ = {isa = PBXBuildFile; fileRef = 15959CBB234B35C50034BAAE /* SceneDelegate.swift */; };
		15959CBE234B35C50034BAAE /* ViewController.swift in Sources */ = {isa = PBXBuildFile; fileRef = 15959CBD234B35C50034BAAE /* ViewController.swift */; };
		15959CC1234B35C50034BAAE /* Main.storyboard in Resources */ = {isa = PBXBuildFile; fileRef = 15959CBF234B35C50034BAAE /* Main.storyboard */; };
		15959CC3234B35CE0034BAAE /* Assets.xcassets in Resources */ = {isa = PBXBuildFile; fileRef = 15959CC2234B35CE0034BAAE /* Assets.xcassets */; };
		15959CC6234B35CE0034BAAE /* LaunchScreen.storyboard in Resources */ = {isa = PBXBuildFile; fileRef = 15959CC4234B35CE0034BAAE /* LaunchScreen.storyboard */; };
		15959CCE234B366C0034BAAE /* TestView.xib in Resources */ = {isa = PBXBuildFile; fileRef = 15959CCD234B366C0034BAAE /* TestView.xib */; };
		15959CD0234B36EF0034BAAE /* TestView.swift in Sources */ = {isa = PBXBuildFile; fileRef = 15959CCF234B36EF0034BAAE /* TestView.swift */; };
/* End PBXBuildFile section */

/* Begin PBXFileReference section */
		15959CB6234B35C50034BAAE /* Training 7 Custom View.app */ = {isa = PBXFileReference; explicitFileType = wrapper.application; includeInIndex = 0; path = "Training 7 Custom View.app"; sourceTree = BUILT_PRODUCTS_DIR; };
		15959CB9234B35C50034BAAE /* AppDelegate.swift */ = {isa = PBXFileReference; lastKnownFileType = sourcecode.swift; path = AppDelegate.swift; sourceTree = "<group>"; };
		15959CBB234B35C50034BAAE /* SceneDelegate.swift */ = {isa = PBXFileReference; lastKnownFileType = sourcecode.swift; path = SceneDelegate.swift; sourceTree = "<group>"; };
		15959CBD234B35C50034BAAE /* ViewController.swift */ = {isa = PBXFileReference; lastKnownFileType = sourcecode.swift; path = ViewController.swift; sourceTree = "<group>"; };
		15959CC0234B35C50034BAAE /* Base */ = {isa = PBXFileReference; lastKnownFileType = file.storyboard; name = Base; path = Base.lproj/Main.storyboard; sourceTree = "<group>"; };
		15959CC2234B35CE0034BAAE /* Assets.xcassets */ = {isa = PBXFileReference; lastKnownFileType = folder.assetcatalog; path = Assets.xcassets; sourceTree = "<group>"; };
		15959CC5234B35CE0034BAAE /* Base */ = {isa = PBXFileReference; lastKnownFileType = file.storyboard; name = Base; path = Base.lproj/LaunchScreen.storyboard; sourceTree = "<group>"; };
		15959CC7234B35CE0034BAAE /* Info.plist */ = {isa = PBXFileReference; lastKnownFileType = text.plist.xml; path = Info.plist; sourceTree = "<group>"; };
		15959CCD234B366C0034BAAE /* TestView.xib */ = {isa = PBXFileReference; lastKnownFileType = file.xib; path = TestView.xib; sourceTree = "<group>"; };
		15959CCF234B36EF0034BAAE /* TestView.swift */ = {isa = PBXFileReference; lastKnownFileType = sourcecode.swift; path = TestView.swift; sourceTree = "<group>"; };
/* End PBXFileReference section */

/* Begin PBXFrameworksBuildPhase section */
		15959CB3234B35C50034BAAE /* Frameworks */ = {
			isa = PBXFrameworksBuildPhase;
			buildActionMask = 2147483647;
			files = (
			);
			runOnlyForDeploymentPostprocessing = 0;
		};
/* End PBXFrameworksBuildPhase section */

/* Begin PBXGroup section */
		15959CAD234B35C50034BAAE = {
			isa = PBXGroup;
			children = (
				15959CB8234B35C50034BAAE /* Training 7 Custom View */,
				15959CB7234B35C50034BAAE /* Products */,
			);
			sourceTree = "<group>";
		};
		15959CB7234B35C50034BAAE /* Products */ = {
			isa = PBXGroup;
			children = (
				15959CB6234B35C50034BAAE /* Training 7 Custom View.app */,
			);
			name = Products;
			sourceTree = "<group>";
		};
		15959CB8234B35C50034BAAE /* Training 7 Custom View */ = {
			isa = PBXGroup;
			children = (
				15959CB9234B35C50034BAAE /* AppDelegate.swift */,
				15959CBB234B35C50034BAAE /* SceneDelegate.swift */,
				15959CBD234B35C50034BAAE /* ViewController.swift */,
				15959CBF234B35C50034BAAE /* Main.storyboard */,
				15959CC2234B35CE0034BAAE /* Assets.xcassets */,
				15959CC4234B35CE0034BAAE /* LaunchScreen.storyboard */,
				15959CC7234B35CE0034BAAE /* Info.plist */,
				15959CCD234B366C0034BAAE /* TestView.xib */,
				15959CCF234B36EF0034BAAE /* TestView.swift */,
			);
			path = "Training 7 Custom View";
			sourceTree = "<group>";
		};
/* End PBXGroup section */

/* Begin PBXNativeTarget section */
		15959CB5234B35C50034BAAE /* Training 7 Custom View */ = {
			isa = PBXNativeTarget;
			buildConfigurationList = 15959CCA234B35CE0034BAAE /* Build configuration list for PBXNativeTarget "Training 7 Custom View" */;
			buildPhases = (
				15959CB2234B35C50034BAAE /* Sources */,
				15959CB3234B35C50034BAAE /* Frameworks */,
				15959CB4234B35C50034BAAE /* Resources */,
			);
			buildRules = (
			);
			dependencies = (
			);
			name = "Training 7 Custom View";
			productName = "Training 7 Custom View";
			productReference = 15959CB6234B35C50034BAAE /* Training 7 Custom View.app */;
			productType = "com.apple.product-type.application";
		};
/* End PBXNativeTarget section */

/* Begin PBXProject section */
		15959CAE234B35C50034BAAE /* Project object */ = {
			isa = PBXProject;
			attributes = {
				LastSwiftUpdateCheck = 1100;
				LastUpgradeCheck = 1100;
				ORGANIZATIONNAME = yudha;
				TargetAttributes = {
					15959CB5234B35C50034BAAE = {
						CreatedOnToolsVersion = 11.0;
					};
				};
			};
			buildConfigurationList = 15959CB1234B35C50034BAAE /* Build configuration list for PBXProject "Training 7 Custom View" */;
			compatibilityVersion = "Xcode 9.3";
			developmentRegion = en;
			hasScannedForEncodings = 0;
			knownRegions = (
				en,
				Base,
			);
			mainGroup = 15959CAD234B35C50034BAAE;
			productRefGroup = 15959CB7234B35C50034BAAE /* Products */;
			projectDirPath = "";
			projectRoot = "";
			targets = (
				15959CB5234B35C50034BAAE /* Training 7 Custom View */,
			);
		};
/* End PBXProject section */

/* Begin PBXResourcesBuildPhase section */
		15959CB4234B35C50034BAAE /* Resources */ = {
			isa = PBXResourcesBuildPhase;
			buildActionMask = 2147483647;
			files = (
				15959CCE234B366C0034BAAE /* TestView.xib in Resources */,
				15959CC6234B35CE0034BAAE /* LaunchScreen.storyboard in Resources */,
				15959CC3234B35CE0034BAAE /* Assets.xcassets in Resources */,
				15959CC1234B35C50034BAAE /* Main.storyboard in Resources */,
			);
			runOnlyForDeploymentPostprocessing = 0;
		};
/* End PBXResourcesBuildPhase section */

/* Begin PBXSourcesBuildPhase section */
		15959CB2234B35C50034BAAE /* Sources */ = {
			isa = PBXSourcesBuildPhase;
			buildActionMask = 2147483647;
			files = (
				15959CD0234B36EF0034BAAE /* TestView.swift in Sources */,
				15959CBE234B35C50034BAAE /* ViewController.swift in Sources */,
				15959CBA234B35C50034BAAE /* AppDelegate.swift in Sources */,
				15959CBC234B35C50034BAAE /* SceneDelegate.swift in Sources */,
			);
			runOnlyForDeploymentPostprocessing = 0;
		};
/* End PBXSourcesBuildPhase section */

/* Begin PBXVariantGroup section */
		15959CBF234B35C50034BAAE /* Main.storyboard */ = {
			isa = PBXVariantGroup;
			children = (
				15959CC0234B35C50034BAAE /* Base */,
			);
			name = Main.storyboard;
			sourceTree = "<group>";
		};
		15959CC4234B35CE0034BAAE /* LaunchScreen.storyboard */ = {
			isa = PBXVariantGroup;
			children = (
				15959CC5234B35CE0034BAAE /* Base */,
			);
			name = LaunchScreen.storyboard;
			sourceTree = "<group>";
		};
/* End PBXVariantGroup section */

/* Begin XCBuildConfiguration section */
		15959CC8234B35CE0034BAAE /* Debug */ = {
			isa = XCBuildConfiguration;
			buildSettings = {
				ALWAYS_SEARCH_USER_PATHS = NO;
				CLANG_ANALYZER_NONNULL = YES;
				CLANG_ANALYZER_NUMBER_OBJECT_CONVERSION = YES_AGGRESSIVE;
				CLANG_CXX_LANGUAGE_STANDARD = "gnu++14";
				CLANG_CXX_LIBRARY = "libc++";
				CLANG_ENABLE_MODULES = YES;
				CLANG_ENABLE_OBJC_ARC = YES;
				CLANG_ENABLE_OBJC_WEAK = YES;
				CLANG_WARN_BLOCK_CAPTURE_AUTORELEASING = YES;
				CLANG_WARN_BOOL_CONVERSION = YES;
				CLANG_WARN_COMMA = YES;
				CLANG_WARN_CONSTANT_CONVERSION = YES;
				CLANG_WARN_DEPRECATED_OBJC_IMPLEMENTATIONS = YES;
				CLANG_WARN_DIRECT_OBJC_ISA_USAGE = YES_ERROR;
				CLANG_WARN_DOCUMENTATION_COMMENTS = YES;
				CLANG_WARN_EMPTY_BODY = YES;
				CLANG_WARN_ENUM_CONVERSION = YES;
				CLANG_WARN_INFINITE_RECURSION = YES;
				CLANG_WARN_INT_CONVERSION = YES;
				CLANG_WARN_NON_LITERAL_NULL_CONVERSION = YES;
				CLANG_WARN_OBJC_IMPLICIT_RETAIN_SELF = YES;
				CLANG_WARN_OBJC_LITERAL_CONVERSION = YES;
				CLANG_WARN_OBJC_ROOT_CLASS = YES_ERROR;
				CLANG_WARN_RANGE_LOOP_ANALYSIS = YES;
				CLANG_WARN_STRICT_PROTOTYPES = YES;
				CLANG_WARN_SUSPICIOUS_MOVE = YES;
				CLANG_WARN_UNGUARDED_AVAILABILITY = YES_AGGRESSIVE;
				CLANG_WARN_UNREACHABLE_CODE = YES;
				CLANG_WARN__DUPLICATE_METHOD_MATCH = YES;
				COPY_PHASE_STRIP = NO;
				DEBUG_INFORMATION_FORMAT = dwarf;
				ENABLE_STRICT_OBJC_MSGSEND = YES;
				ENABLE_TESTABILITY = YES;
				GCC_C_LANGUAGE_STANDARD = gnu11;
				GCC_DYNAMIC_NO_PIC = NO;
				GCC_NO_COMMON_BLOCKS = YES;
				GCC_OPTIMIZATION_LEVEL = 0;
				GCC_PREPROCESSOR_DEFINITIONS = (
					"DEBUG=1",
					"$(inherited)",
				);
				GCC_WARN_64_TO_32_BIT_CONVERSION = YES;
				GCC_WARN_ABOUT_RETURN_TYPE = YES_ERROR;
				GCC_WARN_UNDECLARED_SELECTOR = YES;
				GCC_WARN_UNINITIALIZED_AUTOS = YES_AGGRESSIVE;
				GCC_WARN_UNUSED_FUNCTION = YES;
				GCC_WARN_UNUSED_VARIABLE = YES;
				IPHONEOS_DEPLOYMENT_TARGET = 13.0;
				MTL_ENABLE_DEBUG_INFO = INCLUDE_SOURCE;
				MTL_FAST_MATH = YES;
				ONLY_ACTIVE_ARCH = YES;
				SDKROOT = iphoneos;
				SWIFT_ACTIVE_COMPILATION_CONDITIONS = DEBUG;
				SWIFT_OPTIMIZATION_LEVEL = "-Onone";
			};
			name = Debug;
		};
		15959CC9234B35CE0034BAAE /* Release */ = {
			isa = XCBuildConfiguration;
			buildSettings = {
				ALWAYS_SEARCH_USER_PATHS = NO;
				CLANG_ANALYZER_NONNULL = YES;
				CLANG_ANALYZER_NUMBER_OBJECT_CONVERSION = YES_AGGRESSIVE;
				CLANG_CXX_LANGUAGE_STANDARD = "gnu++14";
				CLANG_CXX_LIBRARY = "libc++";
				CLANG_ENABLE_MODULES = YES;
				CLANG_ENABLE_OBJC_ARC = YES;
				CLANG_ENABLE_OBJC_WEAK = YES;
				CLANG_WARN_BLOCK_CAPTURE_AUTORELEASING = YES;
				CLANG_WARN_BOOL_CONVERSION = YES;
				CLANG_WARN_COMMA = YES;
				CLANG_WARN_CONSTANT_CONVERSION = YES;
				CLANG_WARN_DEPRECATED_OBJC_IMPLEMENTATIONS = YES;
				CLANG_WARN_DIRECT_OBJC_ISA_USAGE = YES_ERROR;
				CLANG_WARN_DOCUMENTATION_COMMENTS = YES;
				CLANG_WARN_EMPTY_BODY = YES;
				CLANG_WARN_ENUM_CONVERSION = YES;
				CLANG_WARN_INFINITE_RECURSION = YES;
				CLANG_WARN_INT_CONVERSION = YES;
				CLANG_WARN_NON_LITERAL_NULL_CONVERSION = YES;
				CLANG_WARN_OBJC_IMPLICIT_RETAIN_SELF = YES;
				CLANG_WARN_OBJC_LITERAL_CONVERSION = YES;
				CLANG_WARN_OBJC_ROOT_CLASS = YES_ERROR;
				CLANG_WARN_RANGE_LOOP_ANALYSIS = YES;
				CLANG_WARN_STRICT_PROTOTYPES = YES;
				CLANG_WARN_SUSPICIOUS_MOVE = YES;
				CLANG_WARN_UNGUARDED_AVAILABILITY = YES_AGGRESSIVE;
				CLANG_WARN_UNREACHABLE_CODE = YES;
				CLANG_WARN__DUPLICATE_METHOD_MATCH = YES;
				COPY_PHASE_STRIP = NO;
				DEBUG_INFORMATION_FORMAT = "dwarf-with-dsym";
				ENABLE_NS_ASSERTIONS = NO;
				ENABLE_STRICT_OBJC_MSGSEND = YES;
				GCC_C_LANGUAGE_STANDARD = gnu11;
				GCC_NO_COMMON_BLOCKS = YES;
				GCC_WARN_64_TO_32_BIT_CONVERSION = YES;
				GCC_WARN_ABOUT_RETURN_TYPE = YES_ERROR;
				GCC_WARN_UNDECLARED_SELECTOR = YES;
				GCC_WARN_UNINITIALIZED_AUTOS = YES_AGGRESSIVE;
				GCC_WARN_UNUSED_FUNCTION = YES;
				GCC_WARN_UNUSED_VARIABLE = YES;
				IPHONEOS_DEPLOYMENT_TARGET = 13.0;
				MTL_ENABLE_DEBUG_INFO = NO;
				MTL_FAST_MATH = YES;
				SDKROOT = iphoneos;
				SWIFT_COMPILATION_MODE = wholemodule;
				SWIFT_OPTIMIZATION_LEVEL = "-O";
				VALIDATE_PRODUCT = YES;
			};
			name = Release;
		};
		15959CCB234B35CE0034BAAE /* Debug */ = {
			isa = XCBuildConfiguration;
			buildSettings = {
				ASSETCATALOG_COMPILER_APPICON_NAME = AppIcon;
				CODE_SIGN_STYLE = Automatic;
				DEVELOPMENT_TEAM = RGUA98U4CD;
				INFOPLIST_FILE = "Training 7 Custom View/Info.plist";
				LD_RUNPATH_SEARCH_PATHS = (
					"$(inherited)",
					"@executable_path/Frameworks",
				);
				PRODUCT_BUNDLE_IDENTIFIER = "com.yudha.Training-7-Custom-View";
				PRODUCT_NAME = "$(TARGET_NAME)";
				SWIFT_VERSION = 5.0;
				TARGETED_DEVICE_FAMILY = 1;
			};
			name = Debug;
		};
		15959CCC234B35CE0034BAAE /* Release */ = {
			isa = XCBuildConfiguration;
			buildSettings = {
				ASSETCATALOG_COMPILER_APPICON_NAME = AppIcon;
				CODE_SIGN_STYLE = Automatic;
				DEVELOPMENT_TEAM = RGUA98U4CD;
				INFOPLIST_FILE = "Training 7 Custom View/Info.plist";
				LD_RUNPATH_SEARCH_PATHS = (
					"$(inherited)",
					"@executable_path/Frameworks",
				);
				PRODUCT_BUNDLE_IDENTIFIER = "com.yudha.Training-7-Custom-View";
				PRODUCT_NAME = "$(TARGET_NAME)";
				SWIFT_VERSION = 5.0;
				TARGETED_DEVICE_FAMILY = 1;
			};
			name = Release;
		};
/* End XCBuildConfiguration section */

/* Begin XCConfigurationList section */
		15959CB1234B35C50034BAAE /* Build configuration list for PBXProject "Training 7 Custom View" */ = {
			isa = XCConfigurationList;
			buildConfigurations = (
				15959CC8234B35CE0034BAAE /* Debug */,
				15959CC9234B35CE0034BAAE /* Release */,
			);
			defaultConfigurationIsVisible = 0;
			defaultConfigurationName = Release;
		};
		15959CCA234B35CE0034BAAE /* Build configuration list for PBXNativeTarget "Training 7 Custom View" */ = {
			isa = XCConfigurationList;
			buildConfigurations = (
				15959CCB234B35CE0034BAAE /* Debug */,
				15959CCC234B35CE0034BAAE /* Release */,
			);
			defaultConfigurationIsVisible = 0;
			defaultConfigurationName = Release;
		};
/* End XCConfigurationList section */
	};
	rootObject = 15959CAE234B35C50034BAAE /* Project object */;
}
